Microsoft Visual Studio Solution File, Format Version 12.00
# Visual Studio Version 17
VisualStudioVersion = 17.10.35013.160
MinimumVisualStudioVersion = 10.0.40219.1
Project("{8BC9CEB8-8B4A-11D0-8D11-00A0C91BC942}") = "Dyssol", "DyssolGUI\DyssolGUI.vcxproj", "{06FC09C8-3DBA-40B5-A5D2-5A33CD23F917}"
EndProject
Project("{8BC9CEB8-8B4A-11D0-8D11-00A0C91BC942}") = "CacheHandler", "CacheHandler\CacheHandler.vcxproj", "{55AD8231-176F-4282-88FA-A0A0E71A51C6}"
EndProject
Project("{8BC9CEB8-8B4A-11D0-8D11-00A0C91BC942}") = "EquationSolvers", "EquationSolvers\EquationSolvers.vcxproj", "{C3AB785E-DDF8-4496-B41A-B037D166E71A}"
EndProject
Project("{8BC9CEB8-8B4A-11D0-8D11-00A0C91BC942}") = "HDF5Handler", "HDF5Handler\HDF5Handler.vcxproj", "{CF8BB0DF-6AA7-42CE-BBB4-5D96D1385428}"
EndProject
Project("{8BC9CEB8-8B4A-11D0-8D11-00A0C91BC942}") = "MaterialsDatabase", "MaterialsDatabase\MaterialsDatabase.vcxproj", "{D45627D3-CE01-479C-9B54-7B8CFD88848B}"
EndProject
Project("{8BC9CEB8-8B4A-11D0-8D11-00A0C91BC942}") = "SimulatorCore", "SimulatorCore\SimulatorCore.vcxproj", "{A631849A-0B28-4982-9A8D-9E4921A2A84C}"
EndProject
Project("{2150E333-8FDC-42A3-9474-1A3956D46DE8}") = "GUI", "GUI", "{F4C2385C-0A8B-48CA-A551-B1FB142D34DA}"
EndProject
Project("{2150E333-8FDC-42A3-9474-1A3956D46DE8}") = "Widgets", "Widgets", "{8B7A2AEC-46DD-47CE-937E-767D7692C15F}"
EndProject
Project("{2150E333-8FDC-42A3-9474-1A3956D46DE8}") = "Dialogs", "Dialogs", "{A0D725D5-C2B1-436E-94CE-E56F2DDF24AE}"
EndProject
Project("{8BC9CEB8-8B4A-11D0-8D11-00A0C91BC942}") = "QtPlot", "GUIWidgets\QtPlot\QtPlot.vcxproj", "{7128BA7C-C101-40D4-AD76-090F134448B6}"
EndProject
Project("{8BC9CEB8-8B4A-11D0-8D11-00A0C91BC942}") = "QtWidgets", "GUIWidgets\QtWidgets\QtWidgets.vcxproj", "{CFB61E05-DD7A-4AF9-B0C9-C4001319F6E3}"
EndProject
Project("{8BC9CEB8-8B4A-11D0-8D11-00A0C91BC942}") = "StreamsViewer", "GUIDialogs\StreamsViewer\StreamsViewer.vcxproj", "{82F079A8-7EE2-46D1-9896-293FA8AE9425}"
EndProject
Project("{8BC9CEB8-8B4A-11D0-8D11-00A0C91BC942}") = "GridEditor", "GUIDialogs\GridEditor\GridEditor.vcxproj", "{4DDB3B56-D967-4790-B043-82F0E7C2EF1C}"
EndProject
Project("{8BC9CEB8-8B4A-11D0-8D11-00A0C91BC942}") = "OptionsEditor", "GUIDialogs\OptionsEditor\OptionsEditor.vcxproj", "{2C23A589-4152-493D-981B-9C4BAF987C59}"
EndProject
Project("{8BC9CEB8-8B4A-11D0-8D11-00A0C91BC942}") = "UnitsViewer", "GUIDialogs\UnitsViewer\UnitsViewer.vcxproj", "{78166748-08AF-4453-9871-7C896E1A2323}"
EndProject
Project("{8BC9CEB8-8B4A-11D0-8D11-00A0C91BC942}") = "PhasesEditor", "GUIDialogs\PhasesEditor\PhasesEditor.vcxproj", "{3C008E3A-52B3-4604-B1C9-2167339C572A}"
EndProject
Project("{8BC9CEB8-8B4A-11D0-8D11-00A0C91BC942}") = "HoldupsEditor", "GUIDialogs\HoldupsEditor\HoldupsEditor.vcxproj", "{2C1E0C56-BE38-483F-AEF5-54A8808AEB2B}"
EndProject
Project("{2150E333-8FDC-42A3-9474-1A3956D46DE8}") = "Units", "Units", "{8DB3F988-5C33-4D8A-BF19-040D5CDCD99C}"
EndProject
Project("{8BC9CEB8-8B4A-11D0-8D11-00A0C91BC942}") = "Unit_Inlet", "Units\Inlet\Inlet.vcxproj", "{BA8238A7-2ADF-4A0B-AEA0-0AE3897864D0}"
EndProject
Project("{8BC9CEB8-8B4A-11D0-8D11-00A0C91BC942}") = "Unit_Mixer", "Units\Mixer\Mixer.vcxproj", "{F9320F56-D401-4E88-BB13-EDDE09BAAA3E}"
EndProject
Project("{8BC9CEB8-8B4A-11D0-8D11-00A0C91BC942}") = "Unit_Outlet", "Units\Outlet\Outlet.vcxproj", "{3BD454F3-9A45-40B6-8521-8F4594DDA5F1}"
EndProject
Project("{8BC9CEB8-8B4A-11D0-8D11-00A0C91BC942}") = "Unit_Granulator", "Units\Granulator\Granulator.vcxproj", "{EFA0E1EC-2AF5-4D2B-97A7-A72C6F036F44}"
EndProject
Project("{8BC9CEB8-8B4A-11D0-8D11-00A0C91BC942}") = "Unit_Splitter", "Units\Splitter\Splitter.vcxproj", "{08C025C5-87EA-40B3-8323-5431285D3A73}"
EndProject
Project("{2150E333-8FDC-42A3-9474-1A3956D46DE8}") = "Templates", "Templates", "{4AD35EF9-CD0A-48B3-AE02-6CFD19762220}"
EndProject
Project("{8BC9CEB8-8B4A-11D0-8D11-00A0C91BC942}") = "UnitT_Dynamic", "Units\Templates\Dynamic\Dynamic.vcxproj", "{6B1263BF-7E15-403F-A781-9EBE6E58E64E}"
EndProject
Project("{8BC9CEB8-8B4A-11D0-8D11-00A0C91BC942}") = "UnitT_DynamicWithDAESolver", "Units\Templates\DynamicWithDAESolver\DynamicWithDAESolver.vcxproj", "{F40230F9-AF94-4B74-B8B8-3ABADB840B42}"
EndProject
Project("{8BC9CEB8-8B4A-11D0-8D11-00A0C91BC942}") = "UnitT_SteadyState", "Units\Templates\SteadyState\SteadyState.vcxproj", "{52188816-CBDE-4BE4-AA97-4074FEEDBBDD}"
EndProject
Project("{8BC9CEB8-8B4A-11D0-8D11-00A0C91BC942}") = "CompoundsManager", "GUIDialogs\CompoundsManager\CompoundsManager.vcxproj", "{905615C6-5300-4931-8463-137FB44B7A5B}"
EndProject
Project("{8BC9CEB8-8B4A-11D0-8D11-00A0C91BC942}") = "Utilities", "Utilities\Utilities.vcxproj", "{B249AF0A-12E6-4099-85F8-928147DE5A68}"
EndProject
Project("{8BC9CEB8-8B4A-11D0-8D11-00A0C91BC942}") = "SimulatorTab", "GUIDialogs\SimulatorTab\SimulatorTab.vcxproj", "{D144FED6-8136-46B2-A6F2-9B8002499035}"
EndProject
Project("{8BC9CEB8-8B4A-11D0-8D11-00A0C91BC942}") = "StatusWindow", "GUIWidgets\StatusWindow\StatusWindow.vcxproj", "{599E6775-D11A-4007-8F9B-4D2344AFCF90}"
EndProject
Project("{8BC9CEB8-8B4A-11D0-8D11-00A0C91BC942}") = "BasicThread", "GUIWidgets\BasicThread\BasicThread.vcxproj", "{0F7B1A52-7766-4B37-9ACD-AC76ABDB1CA5}"
EndProject
Project("{8BC9CEB8-8B4A-11D0-8D11-00A0C91BC942}") = "FlowsheetEditor", "GUIDialogs\FlowsheetEditor\FlowsheetEditor.vcxproj", "{C2C2A003-EAD4-46BF-A83D-B3D702A1349D}"
EndProject
Project("{8BC9CEB8-8B4A-11D0-8D11-00A0C91BC942}") = "BasicStreamsViewer", "GUIWidgets\BasicStreamsViewer\BasicStreamsViewer.vcxproj", "{9795149C-E87F-4938-AD85-9D1384ABE4D2}"
EndProject
Project("{2150E333-8FDC-42A3-9474-1A3956D46DE8}") = "Installers", "Installers", "{FF9F78BB-144A-48EF-87D3-7EEE6C6B4682}"
EndProject
Project("{8BC9CEB8-8B4A-11D0-8D11-00A0C91BC942}") = "BaseSolvers", "BaseSolvers\BaseSolvers.vcxproj", "{3AB101DE-4D4A-4AEE-BB1F-BF81BC08DEA6}"
EndProject
Project("{2150E333-8FDC-42A3-9474-1A3956D46DE8}") = "Solvers", "Solvers", "{23397F14-D511-47BB-A9F7-034E9F562595}"
EndProject
Project("{8BC9CEB8-8B4A-11D0-8D11-00A0C91BC942}") = "SolverT_Agglomeration", "Solvers\Templates\AgglomerationTemplate\AgglomerationTemplate.vcxproj", "{98E135B0-D673-4C58-AFE0-867FD31B1556}"
EndProject
Project("{2150E333-8FDC-42A3-9474-1A3956D46DE8}") = "Templates", "Templates", "{9E8A03EA-0D98-4A94-B6C2-820353A0442B}"
EndProject
Project("{2150E333-8FDC-42A3-9474-1A3956D46DE8}") = "Release", "Release", "{37D962B3-2E75-4DC6-BBE6-212F630705FC}"
EndProject
Project("{8BC9CEB8-8B4A-11D0-8D11-00A0C91BC942}") = "Unit_Agglomerator", "Units\Agglomerator\Agglomerator.vcxproj", "{1BE27265-F358-42F3-B550-ADCAF0CB9FCC}"
EndProject
Project("{8BC9CEB8-8B4A-11D0-8D11-00A0C91BC942}") = "DyssolC", "DyssolCLI\DyssolCLI.vcxproj", "{1641EA84-6364-4CAF-AB4F-8BFB995C0B48}"
EndProject
Project("{8BC9CEB8-8B4A-11D0-8D11-00A0C91BC942}") = "Unit_HeatExchanger", "Units\HeatExchanger\HeatExchanger.vcxproj", "{A9D881A3-3E9A-46C4-B743-85C71BAE7BC9}"
EndProject
Project("{2150E333-8FDC-42A3-9474-1A3956D46DE8}") = "Release", "Release", "{DA539701-563C-4DCF-883B-941DE792BC4A}"
EndProject
Project("{8BC9CEB8-8B4A-11D0-8D11-00A0C91BC942}") = "MaterialsDatabaseTab", "GUIDialogs\MaterialsDatabaseTab\MaterialsDatabaseTab.vcxproj", "{B12702AD-ABFB-343A-A199-8E24837244A3}"
EndProject
Project("{8BC9CEB8-8B4A-11D0-8D11-00A0C91BC942}") = "Solver_AgglomerationFixedPivot", "Solvers\AgglomerationFixedPivot\AgglomerationFixedPivot.vcxproj", "{D35377E7-184A-4446-8034-3F8469B26CC1}"
EndProject
Project("{8BC9CEB8-8B4A-11D0-8D11-00A0C91BC942}") = "Solver_AgglomerationFFT", "Solvers\AgglomerationFFT\AgglomerationFFT.vcxproj", "{D179C92E-FE5E-4B2A-9385-19D5FD93D997}"
EndProject
Project("{8BC9CEB8-8B4A-11D0-8D11-00A0C91BC942}") = "Solver_AgglomerationCellAverage", "Solvers\AgglomerationCellAverage\AgglomerationCellAverage.vcxproj", "{9C15CD3F-1188-42C2-9FA0-581E5BD81A83}"
EndProject
Project("{8BC9CEB8-8B4A-11D0-8D11-00A0C91BC942}") = "BasicStreamEditor", "GUIWidgets\BasicStreamEditor\BasicStreamEditor.vcxproj", "{BA1D17D9-BDB8-4B10-B6CD-7D12FB12D32F}"
EndProject
Project("{8BC9CEB8-8B4A-11D0-8D11-00A0C91BC942}") = "TearStreamsEditor", "GUIDialogs\TearStreamsEditor\TearStreamsEditor.vcxproj", "{2734C7B5-978A-492C-86A9-4E326443220D}"
EndProject
Project("{8BC9CEB8-8B4A-11D0-8D11-00A0C91BC942}") = "UnitT_SteadyStateWithNLSolver", "Units\Templates\SteadyStateWithNLSolver\SteadyStateWithNLSolver.vcxproj", "{BD959048-BBCC-48A9-BF40-58A6E51A84CC}"
EndProject
Project("{2150E333-8FDC-42A3-9474-1A3956D46DE8}") = "Core", "Core", "{241094B3-C6C5-43FA-B884-DDDEEFF788C8}"
EndProject
Project("{8BC9CEB8-8B4A-11D0-8D11-00A0C91BC942}") = "ModelsAPI", "ModelsAPI\ModelsAPI.vcxproj", "{150781F9-5A9F-4A7F-B835-C4012BA35D8F}"
EndProject
Project("{8BC9CEB8-8B4A-11D0-8D11-00A0C91BC942}") = "DustFormationTester", "Modules\DustFormationTester\DustFormationTester.vcxproj", "{EF27CF35-65F6-4F1D-9025-3DBECB566084}"
EndProject
Project("{2150E333-8FDC-42A3-9474-1A3956D46DE8}") = "Modules", "Modules", "{155747A4-B4C9-4F85-8787-0F35A940B12E}"
EndProject
Project("{8BC9CEB8-8B4A-11D0-8D11-00A0C91BC942}") = "DustFormationTesterTab", "GUIDialogs\DustFormationTesterTab\DustFormationTesterTab.vcxproj", "{CF7EF1FB-265A-4B10-8D3C-133A5E30CACF}"
EndProject
Project("{8BC9CEB8-8B4A-11D0-8D11-00A0C91BC942}") = "Unit_CrusherPBMTM", "Units\CrusherPBMTM\CrusherPBMTM.vcxproj", "{CD80DD88-6ED5-4FB3-9811-4B0383CEA0EA}"
EndProject
Project("{8BC9CEB8-8B4A-11D0-8D11-00A0C91BC942}") = "Installer", "DyssolInstallers\Installer\Installer.vcxproj", "{EB21EED3-2835-4018-8BEE-B5172E3F0041}"
EndProject
Project("{8BC9CEB8-8B4A-11D0-8D11-00A0C91BC942}") = "SettingsEditor", "GUIDialogs\SettingsEditor\SettingsEditor.vcxproj", "{AA695107-B3DF-4383-BB70-483C28E3D81A}"
EndProject
Project("{8BC9CEB8-8B4A-11D0-8D11-00A0C91BC942}") = "CalculationSequenceEditor", "GUIDialogs\CalculationSequenceEditor\CalculationSequenceEditor.vcxproj", "{E5C9C319-448E-4855-823F-182AEDEEC9A7}"
EndProject
Project("{8BC9CEB8-8B4A-11D0-8D11-00A0C91BC942}") = "Unit_Bunker", "Units\Bunker\Bunker.vcxproj", "{3EA0C9E6-C9D2-4A6D-9290-753BBEE10DDC}"
EndProject
Project("{8BC9CEB8-8B4A-11D0-8D11-00A0C91BC942}") = "Unit_TimeDelay", "Units\TimeDelay\TimeDelay.vcxproj", "{9E366C58-A455-41E9-9C38-B6886D223087}"
EndProject
Project("{8BC9CEB8-8B4A-11D0-8D11-00A0C91BC942}") = "Unit_CycloneMuschelknautz", "Units\CycloneMuschelknautz\CycloneMuschelknautz.vcxproj", "{A0BF6E68-6F8E-42EB-AE81-CCD6E889373E}"
EndProject
Project("{8BC9CEB8-8B4A-11D0-8D11-00A0C91BC942}") = "Unit_Screen", "Units\Screen\Screen.vcxproj", "{A2BF6D06-36E6-4593-B18F-06517BC03EF9}"
EndProject
Project("{8BC9CEB8-8B4A-11D0-8D11-00A0C91BC942}") = "Unit_Crusher", "Units\Crusher\Crusher.vcxproj", "{F4E7B2E1-005B-4971-A3D5-EF10520C0AEF}"
EndProject
Project("{8BC9CEB8-8B4A-11D0-8D11-00A0C91BC942}") = "ModulesManagerTab", "GUIDialogs\ModulesManagerTab\ModulesManagerTab.vcxproj", "{4882842D-566D-456A-A267-A5F9C8FDB16D}"
EndProject
Project("{8BC9CEB8-8B4A-11D0-8D11-00A0C91BC942}") = "Unit_Mixer3", "Units\Mixer3\Mixer3.vcxproj", "{F1493DF2-5A3C-43A2-A2C2-B6F923128877}"
EndProject
Project("{8BC9CEB8-8B4A-11D0-8D11-00A0C91BC942}") = "Unit_Splitter3", "Units\Splitter3\Splitter3.vcxproj", "{DF851AF8-F359-437D-A875-C31F6158F513}"
EndProject
Project("{8BC9CEB8-8B4A-11D0-8D11-00A0C91BC942}") = "ScriptInterface", "ScriptInterface\ScriptInterface.vcxproj", "{0736DDB9-C29B-4DEA-8E9A-6FEFFED8CFB6}"
EndProject
Project("{8BC9CEB8-8B4A-11D0-8D11-00A0C91BC942}") = "Unit_ScreenMultideck", "Units\ScreenMultideck\ScreenMultideck.vcxproj", "{1C6761A3-DD4E-4978-A4C6-24D3A50C502D}"
EndProject
Project("{8BC9CEB8-8B4A-11D0-8D11-00A0C91BC942}") = "Unit_GranulatorSimpleBatch", "Units\GranulatorSimpleBatch\GranulatorSimpleBatch.vcxproj", "{80FB8E0A-CCA8-4AB7-BC79-21E82A141842}"
EndProject
Project("{8BC9CEB8-8B4A-11D0-8D11-00A0C91BC942}") = "Documentation", "DyssolInstallers\Documentation\Documentation.vcxproj", "{C91712C5-4A46-4703-9857-4E742D247601}"
EndProject
Project("{8BC9CEB8-8B4A-11D0-8D11-00A0C91BC942}") = "Tests", "DyssolInstallers\Tests\Tests.vcxproj", "{9E33ACE6-5DDA-400C-8242-6BE0B8569221}"
EndProject
Project("{8BC9CEB8-8B4A-11D0-8D11-00A0C91BC942}") = "SimulationThread", "GUIWidgets\SimulationThread\SimulationThread.vcxproj", "{0F7B1A52-7766-4E37-9ACD-AC76AB000000}"
EndProject
Project("{8BC9CEB8-8B4A-11D0-8D11-00A0C91BC942}") = "MainWindow", "GUIDialogs\MainWindow\MainWindow.vcxproj", "{9F945E6D-B524-490A-81E3-F4F0A48139AF}"
EndProject
Global
	GlobalSection(SolutionConfigurationPlatforms) = preSolution
		Debug|x64 = Debug|x64
		Release|x64 = Release|x64
	EndGlobalSection
	GlobalSection(ProjectConfigurationPlatforms) = postSolution
		{06FC09C8-3DBA-40B5-A5D2-5A33CD23F917}.Debug|x64.ActiveCfg = Debug|x64
		{06FC09C8-3DBA-40B5-A5D2-5A33CD23F917}.Debug|x64.Build.0 = Debug|x64
		{06FC09C8-3DBA-40B5-A5D2-5A33CD23F917}.Release|x64.ActiveCfg = Release|x64
		{06FC09C8-3DBA-40B5-A5D2-5A33CD23F917}.Release|x64.Build.0 = Release|x64
		{55AD8231-176F-4282-88FA-A0A0E71A51C6}.Debug|x64.ActiveCfg = Debug|x64
		{55AD8231-176F-4282-88FA-A0A0E71A51C6}.Debug|x64.Build.0 = Debug|x64
		{55AD8231-176F-4282-88FA-A0A0E71A51C6}.Release|x64.ActiveCfg = Release|x64
		{55AD8231-176F-4282-88FA-A0A0E71A51C6}.Release|x64.Build.0 = Release|x64
		{C3AB785E-DDF8-4496-B41A-B037D166E71A}.Debug|x64.ActiveCfg = Debug|x64
		{C3AB785E-DDF8-4496-B41A-B037D166E71A}.Debug|x64.Build.0 = Debug|x64
		{C3AB785E-DDF8-4496-B41A-B037D166E71A}.Release|x64.ActiveCfg = Release|x64
		{C3AB785E-DDF8-4496-B41A-B037D166E71A}.Release|x64.Build.0 = Release|x64
		{CF8BB0DF-6AA7-42CE-BBB4-5D96D1385428}.Debug|x64.ActiveCfg = Debug|x64
		{CF8BB0DF-6AA7-42CE-BBB4-5D96D1385428}.Debug|x64.Build.0 = Debug|x64
		{CF8BB0DF-6AA7-42CE-BBB4-5D96D1385428}.Release|x64.ActiveCfg = Release|x64
		{CF8BB0DF-6AA7-42CE-BBB4-5D96D1385428}.Release|x64.Build.0 = Release|x64
		{D45627D3-CE01-479C-9B54-7B8CFD88848B}.Debug|x64.ActiveCfg = Debug|x64
		{D45627D3-CE01-479C-9B54-7B8CFD88848B}.Debug|x64.Build.0 = Debug|x64
		{D45627D3-CE01-479C-9B54-7B8CFD88848B}.Release|x64.ActiveCfg = Release|x64
		{D45627D3-CE01-479C-9B54-7B8CFD88848B}.Release|x64.Build.0 = Release|x64
		{A631849A-0B28-4982-9A8D-9E4921A2A84C}.Debug|x64.ActiveCfg = Debug|x64
		{A631849A-0B28-4982-9A8D-9E4921A2A84C}.Debug|x64.Build.0 = Debug|x64
		{A631849A-0B28-4982-9A8D-9E4921A2A84C}.Release|x64.ActiveCfg = Release|x64
		{A631849A-0B28-4982-9A8D-9E4921A2A84C}.Release|x64.Build.0 = Release|x64
		{7128BA7C-C101-40D4-AD76-090F134448B6}.Debug|x64.ActiveCfg = Debug|x64
		{7128BA7C-C101-40D4-AD76-090F134448B6}.Debug|x64.Build.0 = Debug|x64
		{7128BA7C-C101-40D4-AD76-090F134448B6}.Release|x64.ActiveCfg = Release|x64
		{7128BA7C-C101-40D4-AD76-090F134448B6}.Release|x64.Build.0 = Release|x64
		{CFB61E05-DD7A-4AF9-B0C9-C4001319F6E3}.Debug|x64.ActiveCfg = Debug|x64
		{CFB61E05-DD7A-4AF9-B0C9-C4001319F6E3}.Debug|x64.Build.0 = Debug|x64
		{CFB61E05-DD7A-4AF9-B0C9-C4001319F6E3}.Release|x64.ActiveCfg = Release|x64
		{CFB61E05-DD7A-4AF9-B0C9-C4001319F6E3}.Release|x64.Build.0 = Release|x64
		{82F079A8-7EE2-46D1-9896-293FA8AE9425}.Debug|x64.ActiveCfg = Debug|x64
		{82F079A8-7EE2-46D1-9896-293FA8AE9425}.Debug|x64.Build.0 = Debug|x64
		{82F079A8-7EE2-46D1-9896-293FA8AE9425}.Release|x64.ActiveCfg = Release|x64
		{82F079A8-7EE2-46D1-9896-293FA8AE9425}.Release|x64.Build.0 = Release|x64
		{4DDB3B56-D967-4790-B043-82F0E7C2EF1C}.Debug|x64.ActiveCfg = Debug|x64
		{4DDB3B56-D967-4790-B043-82F0E7C2EF1C}.Debug|x64.Build.0 = Debug|x64
		{4DDB3B56-D967-4790-B043-82F0E7C2EF1C}.Release|x64.ActiveCfg = Release|x64
		{4DDB3B56-D967-4790-B043-82F0E7C2EF1C}.Release|x64.Build.0 = Release|x64
		{2C23A589-4152-493D-981B-9C4BAF987C59}.Debug|x64.ActiveCfg = Debug|x64
		{2C23A589-4152-493D-981B-9C4BAF987C59}.Debug|x64.Build.0 = Debug|x64
		{2C23A589-4152-493D-981B-9C4BAF987C59}.Release|x64.ActiveCfg = Release|x64
		{2C23A589-4152-493D-981B-9C4BAF987C59}.Release|x64.Build.0 = Release|x64
		{78166748-08AF-4453-9871-7C896E1A2323}.Debug|x64.ActiveCfg = Debug|x64
		{78166748-08AF-4453-9871-7C896E1A2323}.Debug|x64.Build.0 = Debug|x64
		{78166748-08AF-4453-9871-7C896E1A2323}.Release|x64.ActiveCfg = Release|x64
		{78166748-08AF-4453-9871-7C896E1A2323}.Release|x64.Build.0 = Release|x64
		{3C008E3A-52B3-4604-B1C9-2167339C572A}.Debug|x64.ActiveCfg = Debug|x64
		{3C008E3A-52B3-4604-B1C9-2167339C572A}.Debug|x64.Build.0 = Debug|x64
		{3C008E3A-52B3-4604-B1C9-2167339C572A}.Release|x64.ActiveCfg = Release|x64
		{3C008E3A-52B3-4604-B1C9-2167339C572A}.Release|x64.Build.0 = Release|x64
		{2C1E0C56-BE38-483F-AEF5-54A8808AEB2B}.Debug|x64.ActiveCfg = Debug|x64
		{2C1E0C56-BE38-483F-AEF5-54A8808AEB2B}.Debug|x64.Build.0 = Debug|x64
		{2C1E0C56-BE38-483F-AEF5-54A8808AEB2B}.Release|x64.ActiveCfg = Release|x64
		{2C1E0C56-BE38-483F-AEF5-54A8808AEB2B}.Release|x64.Build.0 = Release|x64
		{BA8238A7-2ADF-4A0B-AEA0-0AE3897864D0}.Debug|x64.ActiveCfg = Debug|x64
		{BA8238A7-2ADF-4A0B-AEA0-0AE3897864D0}.Debug|x64.Build.0 = Debug|x64
		{BA8238A7-2ADF-4A0B-AEA0-0AE3897864D0}.Release|x64.ActiveCfg = Release|x64
		{BA8238A7-2ADF-4A0B-AEA0-0AE3897864D0}.Release|x64.Build.0 = Release|x64
		{F9320F56-D401-4E88-BB13-EDDE09BAAA3E}.Debug|x64.ActiveCfg = Debug|x64
		{F9320F56-D401-4E88-BB13-EDDE09BAAA3E}.Debug|x64.Build.0 = Debug|x64
		{F9320F56-D401-4E88-BB13-EDDE09BAAA3E}.Release|x64.ActiveCfg = Release|x64
		{F9320F56-D401-4E88-BB13-EDDE09BAAA3E}.Release|x64.Build.0 = Release|x64
		{3BD454F3-9A45-40B6-8521-8F4594DDA5F1}.Debug|x64.ActiveCfg = Debug|x64
		{3BD454F3-9A45-40B6-8521-8F4594DDA5F1}.Debug|x64.Build.0 = Debug|x64
		{3BD454F3-9A45-40B6-8521-8F4594DDA5F1}.Release|x64.ActiveCfg = Release|x64
		{3BD454F3-9A45-40B6-8521-8F4594DDA5F1}.Release|x64.Build.0 = Release|x64
		{EFA0E1EC-2AF5-4D2B-97A7-A72C6F036F44}.Debug|x64.ActiveCfg = Debug|x64
		{EFA0E1EC-2AF5-4D2B-97A7-A72C6F036F44}.Debug|x64.Build.0 = Debug|x64
		{EFA0E1EC-2AF5-4D2B-97A7-A72C6F036F44}.Release|x64.ActiveCfg = Release|x64
		{EFA0E1EC-2AF5-4D2B-97A7-A72C6F036F44}.Release|x64.Build.0 = Release|x64
		{08C025C5-87EA-40B3-8323-5431285D3A73}.Debug|x64.ActiveCfg = Debug|x64
		{08C025C5-87EA-40B3-8323-5431285D3A73}.Debug|x64.Build.0 = Debug|x64
		{08C025C5-87EA-40B3-8323-5431285D3A73}.Release|x64.ActiveCfg = Release|x64
		{08C025C5-87EA-40B3-8323-5431285D3A73}.Release|x64.Build.0 = Release|x64
		{6B1263BF-7E15-403F-A781-9EBE6E58E64E}.Debug|x64.ActiveCfg = Debug|x64
		{6B1263BF-7E15-403F-A781-9EBE6E58E64E}.Debug|x64.Build.0 = Debug|x64
		{6B1263BF-7E15-403F-A781-9EBE6E58E64E}.Release|x64.ActiveCfg = Release|x64
		{6B1263BF-7E15-403F-A781-9EBE6E58E64E}.Release|x64.Build.0 = Release|x64
		{F40230F9-AF94-4B74-B8B8-3ABADB840B42}.Debug|x64.ActiveCfg = Debug|x64
		{F40230F9-AF94-4B74-B8B8-3ABADB840B42}.Debug|x64.Build.0 = Debug|x64
		{F40230F9-AF94-4B74-B8B8-3ABADB840B42}.Release|x64.ActiveCfg = Release|x64
		{F40230F9-AF94-4B74-B8B8-3ABADB840B42}.Release|x64.Build.0 = Release|x64
		{52188816-CBDE-4BE4-AA97-4074FEEDBBDD}.Debug|x64.ActiveCfg = Debug|x64
		{52188816-CBDE-4BE4-AA97-4074FEEDBBDD}.Debug|x64.Build.0 = Debug|x64
		{52188816-CBDE-4BE4-AA97-4074FEEDBBDD}.Release|x64.ActiveCfg = Release|x64
		{52188816-CBDE-4BE4-AA97-4074FEEDBBDD}.Release|x64.Build.0 = Release|x64
		{905615C6-5300-4931-8463-137FB44B7A5B}.Debug|x64.ActiveCfg = Debug|x64
		{905615C6-5300-4931-8463-137FB44B7A5B}.Debug|x64.Build.0 = Debug|x64
		{905615C6-5300-4931-8463-137FB44B7A5B}.Release|x64.ActiveCfg = Release|x64
		{905615C6-5300-4931-8463-137FB44B7A5B}.Release|x64.Build.0 = Release|x64
		{B249AF0A-12E6-4099-85F8-928147DE5A68}.Debug|x64.ActiveCfg = Debug|x64
		{B249AF0A-12E6-4099-85F8-928147DE5A68}.Debug|x64.Build.0 = Debug|x64
		{B249AF0A-12E6-4099-85F8-928147DE5A68}.Release|x64.ActiveCfg = Release|x64
		{B249AF0A-12E6-4099-85F8-928147DE5A68}.Release|x64.Build.0 = Release|x64
		{D144FED6-8136-46B2-A6F2-9B8002499035}.Debug|x64.ActiveCfg = Debug|x64
		{D144FED6-8136-46B2-A6F2-9B8002499035}.Debug|x64.Build.0 = Debug|x64
		{D144FED6-8136-46B2-A6F2-9B8002499035}.Release|x64.ActiveCfg = Release|x64
		{D144FED6-8136-46B2-A6F2-9B8002499035}.Release|x64.Build.0 = Release|x64
		{599E6775-D11A-4007-8F9B-4D2344AFCF90}.Debug|x64.ActiveCfg = Debug|x64
		{599E6775-D11A-4007-8F9B-4D2344AFCF90}.Debug|x64.Build.0 = Debug|x64
		{599E6775-D11A-4007-8F9B-4D2344AFCF90}.Release|x64.ActiveCfg = Release|x64
		{599E6775-D11A-4007-8F9B-4D2344AFCF90}.Release|x64.Build.0 = Release|x64
		{0F7B1A52-7766-4B37-9ACD-AC76ABDB1CA5}.Debug|x64.ActiveCfg = Debug|x64
		{0F7B1A52-7766-4B37-9ACD-AC76ABDB1CA5}.Debug|x64.Build.0 = Debug|x64
		{0F7B1A52-7766-4B37-9ACD-AC76ABDB1CA5}.Release|x64.ActiveCfg = Release|x64
		{0F7B1A52-7766-4B37-9ACD-AC76ABDB1CA5}.Release|x64.Build.0 = Release|x64
		{C2C2A003-EAD4-46BF-A83D-B3D702A1349D}.Debug|x64.ActiveCfg = Debug|x64
		{C2C2A003-EAD4-46BF-A83D-B3D702A1349D}.Debug|x64.Build.0 = Debug|x64
		{C2C2A003-EAD4-46BF-A83D-B3D702A1349D}.Release|x64.ActiveCfg = Release|x64
		{C2C2A003-EAD4-46BF-A83D-B3D702A1349D}.Release|x64.Build.0 = Release|x64
		{9795149C-E87F-4938-AD85-9D1384ABE4D2}.Debug|x64.ActiveCfg = Debug|x64
		{9795149C-E87F-4938-AD85-9D1384ABE4D2}.Debug|x64.Build.0 = Debug|x64
		{9795149C-E87F-4938-AD85-9D1384ABE4D2}.Release|x64.ActiveCfg = Release|x64
		{9795149C-E87F-4938-AD85-9D1384ABE4D2}.Release|x64.Build.0 = Release|x64
		{3AB101DE-4D4A-4AEE-BB1F-BF81BC08DEA6}.Debug|x64.ActiveCfg = Debug|x64
		{3AB101DE-4D4A-4AEE-BB1F-BF81BC08DEA6}.Debug|x64.Build.0 = Debug|x64
		{3AB101DE-4D4A-4AEE-BB1F-BF81BC08DEA6}.Release|x64.ActiveCfg = Release|x64
		{3AB101DE-4D4A-4AEE-BB1F-BF81BC08DEA6}.Release|x64.Build.0 = Release|x64
		{98E135B0-D673-4C58-AFE0-867FD31B1556}.Debug|x64.ActiveCfg = Debug|x64
		{98E135B0-D673-4C58-AFE0-867FD31B1556}.Debug|x64.Build.0 = Debug|x64
		{98E135B0-D673-4C58-AFE0-867FD31B1556}.Release|x64.ActiveCfg = Release|x64
		{98E135B0-D673-4C58-AFE0-867FD31B1556}.Release|x64.Build.0 = Release|x64
		{1BE27265-F358-42F3-B550-ADCAF0CB9FCC}.Debug|x64.ActiveCfg = Debug|x64
		{1BE27265-F358-42F3-B550-ADCAF0CB9FCC}.Debug|x64.Build.0 = Debug|x64
		{1BE27265-F358-42F3-B550-ADCAF0CB9FCC}.Release|x64.ActiveCfg = Release|x64
		{1BE27265-F358-42F3-B550-ADCAF0CB9FCC}.Release|x64.Build.0 = Release|x64
		{1641EA84-6364-4CAF-AB4F-8BFB995C0B48}.Debug|x64.ActiveCfg = Debug|x64
		{1641EA84-6364-4CAF-AB4F-8BFB995C0B48}.Debug|x64.Build.0 = Debug|x64
		{1641EA84-6364-4CAF-AB4F-8BFB995C0B48}.Release|x64.ActiveCfg = Release|x64
		{1641EA84-6364-4CAF-AB4F-8BFB995C0B48}.Release|x64.Build.0 = Release|x64
		{A9D881A3-3E9A-46C4-B743-85C71BAE7BC9}.Debug|x64.ActiveCfg = Debug|x64
		{A9D881A3-3E9A-46C4-B743-85C71BAE7BC9}.Debug|x64.Build.0 = Debug|x64
		{A9D881A3-3E9A-46C4-B743-85C71BAE7BC9}.Release|x64.ActiveCfg = Release|x64
		{A9D881A3-3E9A-46C4-B743-85C71BAE7BC9}.Release|x64.Build.0 = Release|x64
		{B12702AD-ABFB-343A-A199-8E24837244A3}.Debug|x64.ActiveCfg = Debug|x64
		{B12702AD-ABFB-343A-A199-8E24837244A3}.Debug|x64.Build.0 = Debug|x64
		{B12702AD-ABFB-343A-A199-8E24837244A3}.Release|x64.ActiveCfg = Release|x64
		{B12702AD-ABFB-343A-A199-8E24837244A3}.Release|x64.Build.0 = Release|x64
		{D35377E7-184A-4446-8034-3F8469B26CC1}.Debug|x64.ActiveCfg = Debug|x64
		{D35377E7-184A-4446-8034-3F8469B26CC1}.Debug|x64.Build.0 = Debug|x64
		{D35377E7-184A-4446-8034-3F8469B26CC1}.Release|x64.ActiveCfg = Release|x64
		{D35377E7-184A-4446-8034-3F8469B26CC1}.Release|x64.Build.0 = Release|x64
		{D179C92E-FE5E-4B2A-9385-19D5FD93D997}.Debug|x64.ActiveCfg = Debug|x64
		{D179C92E-FE5E-4B2A-9385-19D5FD93D997}.Debug|x64.Build.0 = Debug|x64
		{D179C92E-FE5E-4B2A-9385-19D5FD93D997}.Release|x64.ActiveCfg = Release|x64
		{D179C92E-FE5E-4B2A-9385-19D5FD93D997}.Release|x64.Build.0 = Release|x64
		{9C15CD3F-1188-42C2-9FA0-581E5BD81A83}.Debug|x64.ActiveCfg = Debug|x64
		{9C15CD3F-1188-42C2-9FA0-581E5BD81A83}.Debug|x64.Build.0 = Debug|x64
		{9C15CD3F-1188-42C2-9FA0-581E5BD81A83}.Release|x64.ActiveCfg = Release|x64
		{9C15CD3F-1188-42C2-9FA0-581E5BD81A83}.Release|x64.Build.0 = Release|x64
		{BA1D17D9-BDB8-4B10-B6CD-7D12FB12D32F}.Debug|x64.ActiveCfg = Debug|x64
		{BA1D17D9-BDB8-4B10-B6CD-7D12FB12D32F}.Debug|x64.Build.0 = Debug|x64
		{BA1D17D9-BDB8-4B10-B6CD-7D12FB12D32F}.Release|x64.ActiveCfg = Release|x64
		{BA1D17D9-BDB8-4B10-B6CD-7D12FB12D32F}.Release|x64.Build.0 = Release|x64
		{2734C7B5-978A-492C-86A9-4E326443220D}.Debug|x64.ActiveCfg = Debug|x64
		{2734C7B5-978A-492C-86A9-4E326443220D}.Debug|x64.Build.0 = Debug|x64
		{2734C7B5-978A-492C-86A9-4E326443220D}.Release|x64.ActiveCfg = Release|x64
		{2734C7B5-978A-492C-86A9-4E326443220D}.Release|x64.Build.0 = Release|x64
		{BD959048-BBCC-48A9-BF40-58A6E51A84CC}.Debug|x64.ActiveCfg = Debug|x64
		{BD959048-BBCC-48A9-BF40-58A6E51A84CC}.Debug|x64.Build.0 = Debug|x64
		{BD959048-BBCC-48A9-BF40-58A6E51A84CC}.Release|x64.ActiveCfg = Release|x64
		{BD959048-BBCC-48A9-BF40-58A6E51A84CC}.Release|x64.Build.0 = Release|x64
		{150781F9-5A9F-4A7F-B835-C4012BA35D8F}.Debug|x64.ActiveCfg = Debug|x64
		{150781F9-5A9F-4A7F-B835-C4012BA35D8F}.Debug|x64.Build.0 = Debug|x64
		{150781F9-5A9F-4A7F-B835-C4012BA35D8F}.Release|x64.ActiveCfg = Release|x64
		{150781F9-5A9F-4A7F-B835-C4012BA35D8F}.Release|x64.Build.0 = Release|x64
		{EF27CF35-65F6-4F1D-9025-3DBECB566084}.Debug|x64.ActiveCfg = Debug|x64
		{EF27CF35-65F6-4F1D-9025-3DBECB566084}.Debug|x64.Build.0 = Debug|x64
		{EF27CF35-65F6-4F1D-9025-3DBECB566084}.Release|x64.ActiveCfg = Release|x64
		{EF27CF35-65F6-4F1D-9025-3DBECB566084}.Release|x64.Build.0 = Release|x64
		{CF7EF1FB-265A-4B10-8D3C-133A5E30CACF}.Debug|x64.ActiveCfg = Debug|x64
		{CF7EF1FB-265A-4B10-8D3C-133A5E30CACF}.Debug|x64.Build.0 = Debug|x64
		{CF7EF1FB-265A-4B10-8D3C-133A5E30CACF}.Release|x64.ActiveCfg = Release|x64
		{CF7EF1FB-265A-4B10-8D3C-133A5E30CACF}.Release|x64.Build.0 = Release|x64
		{CD80DD88-6ED5-4FB3-9811-4B0383CEA0EA}.Debug|x64.ActiveCfg = Debug|x64
		{CD80DD88-6ED5-4FB3-9811-4B0383CEA0EA}.Debug|x64.Build.0 = Debug|x64
		{CD80DD88-6ED5-4FB3-9811-4B0383CEA0EA}.Release|x64.ActiveCfg = Release|x64
		{CD80DD88-6ED5-4FB3-9811-4B0383CEA0EA}.Release|x64.Build.0 = Release|x64
		{EB21EED3-2835-4018-8BEE-B5172E3F0041}.Debug|x64.ActiveCfg = Debug|x64
		{EB21EED3-2835-4018-8BEE-B5172E3F0041}.Release|x64.ActiveCfg = Release|x64
		{AA695107-B3DF-4383-BB70-483C28E3D81A}.Debug|x64.ActiveCfg = Debug|x64
		{AA695107-B3DF-4383-BB70-483C28E3D81A}.Debug|x64.Build.0 = Debug|x64
		{AA695107-B3DF-4383-BB70-483C28E3D81A}.Release|x64.ActiveCfg = Release|x64
		{AA695107-B3DF-4383-BB70-483C28E3D81A}.Release|x64.Build.0 = Release|x64
		{E5C9C319-448E-4855-823F-182AEDEEC9A7}.Debug|x64.ActiveCfg = Debug|x64
		{E5C9C319-448E-4855-823F-182AEDEEC9A7}.Debug|x64.Build.0 = Debug|x64
		{E5C9C319-448E-4855-823F-182AEDEEC9A7}.Release|x64.ActiveCfg = Release|x64
		{E5C9C319-448E-4855-823F-182AEDEEC9A7}.Release|x64.Build.0 = Release|x64
		{3EA0C9E6-C9D2-4A6D-9290-753BBEE10DDC}.Debug|x64.ActiveCfg = Debug|x64
		{3EA0C9E6-C9D2-4A6D-9290-753BBEE10DDC}.Debug|x64.Build.0 = Debug|x64
		{3EA0C9E6-C9D2-4A6D-9290-753BBEE10DDC}.Release|x64.ActiveCfg = Release|x64
		{3EA0C9E6-C9D2-4A6D-9290-753BBEE10DDC}.Release|x64.Build.0 = Release|x64
		{9E366C58-A455-41E9-9C38-B6886D223087}.Debug|x64.ActiveCfg = Debug|x64
		{9E366C58-A455-41E9-9C38-B6886D223087}.Debug|x64.Build.0 = Debug|x64
		{9E366C58-A455-41E9-9C38-B6886D223087}.Release|x64.ActiveCfg = Release|x64
		{9E366C58-A455-41E9-9C38-B6886D223087}.Release|x64.Build.0 = Release|x64
		{A0BF6E68-6F8E-42EB-AE81-CCD6E889373E}.Debug|x64.ActiveCfg = Debug|x64
		{A0BF6E68-6F8E-42EB-AE81-CCD6E889373E}.Debug|x64.Build.0 = Debug|x64
		{A0BF6E68-6F8E-42EB-AE81-CCD6E889373E}.Release|x64.ActiveCfg = Release|x64
		{A0BF6E68-6F8E-42EB-AE81-CCD6E889373E}.Release|x64.Build.0 = Release|x64
		{A2BF6D06-36E6-4593-B18F-06517BC03EF9}.Debug|x64.ActiveCfg = Debug|x64
		{A2BF6D06-36E6-4593-B18F-06517BC03EF9}.Debug|x64.Build.0 = Debug|x64
		{A2BF6D06-36E6-4593-B18F-06517BC03EF9}.Release|x64.ActiveCfg = Release|x64
		{A2BF6D06-36E6-4593-B18F-06517BC03EF9}.Release|x64.Build.0 = Release|x64
		{F4E7B2E1-005B-4971-A3D5-EF10520C0AEF}.Debug|x64.ActiveCfg = Debug|x64
		{F4E7B2E1-005B-4971-A3D5-EF10520C0AEF}.Debug|x64.Build.0 = Debug|x64
		{F4E7B2E1-005B-4971-A3D5-EF10520C0AEF}.Release|x64.ActiveCfg = Release|x64
		{F4E7B2E1-005B-4971-A3D5-EF10520C0AEF}.Release|x64.Build.0 = Release|x64
		{4882842D-566D-456A-A267-A5F9C8FDB16D}.Debug|x64.ActiveCfg = Debug|x64
		{4882842D-566D-456A-A267-A5F9C8FDB16D}.Debug|x64.Build.0 = Debug|x64
		{4882842D-566D-456A-A267-A5F9C8FDB16D}.Release|x64.ActiveCfg = Release|x64
		{4882842D-566D-456A-A267-A5F9C8FDB16D}.Release|x64.Build.0 = Release|x64
		{F1493DF2-5A3C-43A2-A2C2-B6F923128877}.Debug|x64.ActiveCfg = Debug|x64
		{F1493DF2-5A3C-43A2-A2C2-B6F923128877}.Debug|x64.Build.0 = Debug|x64
		{F1493DF2-5A3C-43A2-A2C2-B6F923128877}.Release|x64.ActiveCfg = Release|x64
		{F1493DF2-5A3C-43A2-A2C2-B6F923128877}.Release|x64.Build.0 = Release|x64
		{DF851AF8-F359-437D-A875-C31F6158F513}.Debug|x64.ActiveCfg = Debug|x64
		{DF851AF8-F359-437D-A875-C31F6158F513}.Debug|x64.Build.0 = Debug|x64
		{DF851AF8-F359-437D-A875-C31F6158F513}.Release|x64.ActiveCfg = Release|x64
		{DF851AF8-F359-437D-A875-C31F6158F513}.Release|x64.Build.0 = Release|x64
		{0736DDB9-C29B-4DEA-8E9A-6FEFFED8CFB6}.Debug|x64.ActiveCfg = Debug|x64
		{0736DDB9-C29B-4DEA-8E9A-6FEFFED8CFB6}.Debug|x64.Build.0 = Debug|x64
		{0736DDB9-C29B-4DEA-8E9A-6FEFFED8CFB6}.Release|x64.ActiveCfg = Release|x64
		{0736DDB9-C29B-4DEA-8E9A-6FEFFED8CFB6}.Release|x64.Build.0 = Release|x64
		{1C6761A3-DD4E-4978-A4C6-24D3A50C502D}.Debug|x64.ActiveCfg = Debug|x64
		{1C6761A3-DD4E-4978-A4C6-24D3A50C502D}.Debug|x64.Build.0 = Debug|x64
		{1C6761A3-DD4E-4978-A4C6-24D3A50C502D}.Release|x64.ActiveCfg = Release|x64
		{1C6761A3-DD4E-4978-A4C6-24D3A50C502D}.Release|x64.Build.0 = Release|x64
		{80FB8E0A-CCA8-4AB7-BC79-21E82A141842}.Debug|x64.ActiveCfg = Debug|x64
		{80FB8E0A-CCA8-4AB7-BC79-21E82A141842}.Debug|x64.Build.0 = Debug|x64
		{80FB8E0A-CCA8-4AB7-BC79-21E82A141842}.Release|x64.ActiveCfg = Release|x64
		{80FB8E0A-CCA8-4AB7-BC79-21E82A141842}.Release|x64.Build.0 = Release|x64
		{C91712C5-4A46-4703-9857-4E742D247601}.Debug|x64.ActiveCfg = Debug|x64
		{C91712C5-4A46-4703-9857-4E742D247601}.Release|x64.ActiveCfg = Release|x64
		{9E33ACE6-5DDA-400C-8242-6BE0B8569221}.Debug|x64.ActiveCfg = Debug|x64
		{9E33ACE6-5DDA-400C-8242-6BE0B8569221}.Release|x64.ActiveCfg = Release|x64
		{0F7B1A52-7766-4E37-9ACD-AC76AB000000}.Debug|x64.ActiveCfg = Debug|x64
		{0F7B1A52-7766-4E37-9ACD-AC76AB000000}.Debug|x64.Build.0 = Debug|x64
		{0F7B1A52-7766-4E37-9ACD-AC76AB000000}.Release|x64.ActiveCfg = Release|x64
		{0F7B1A52-7766-4E37-9ACD-AC76AB000000}.Release|x64.Build.0 = Release|x64
		{9F945E6D-B524-490A-81E3-F4F0A48139AF}.Debug|x64.ActiveCfg = Debug|x64
		{9F945E6D-B524-490A-81E3-F4F0A48139AF}.Debug|x64.Build.0 = Debug|x64
		{9F945E6D-B524-490A-81E3-F4F0A48139AF}.Release|x64.ActiveCfg = Release|x64
		{9F945E6D-B524-490A-81E3-F4F0A48139AF}.Release|x64.Build.0 = Release|x64
	EndGlobalSection
	GlobalSection(SolutionProperties) = preSolution
		HideSolutionNode = FALSE
	EndGlobalSection
	GlobalSection(NestedProjects) = preSolution
		{55AD8231-176F-4282-88FA-A0A0E71A51C6} = {241094B3-C6C5-43FA-B884-DDDEEFF788C8}
		{C3AB785E-DDF8-4496-B41A-B037D166E71A} = {241094B3-C6C5-43FA-B884-DDDEEFF788C8}
		{CF8BB0DF-6AA7-42CE-BBB4-5D96D1385428} = {241094B3-C6C5-43FA-B884-DDDEEFF788C8}
		{D45627D3-CE01-479C-9B54-7B8CFD88848B} = {241094B3-C6C5-43FA-B884-DDDEEFF788C8}
		{A631849A-0B28-4982-9A8D-9E4921A2A84C} = {241094B3-C6C5-43FA-B884-DDDEEFF788C8}
		{8B7A2AEC-46DD-47CE-937E-767D7692C15F} = {F4C2385C-0A8B-48CA-A551-B1FB142D34DA}
		{A0D725D5-C2B1-436E-94CE-E56F2DDF24AE} = {F4C2385C-0A8B-48CA-A551-B1FB142D34DA}
		{7128BA7C-C101-40D4-AD76-090F134448B6} = {8B7A2AEC-46DD-47CE-937E-767D7692C15F}
		{CFB61E05-DD7A-4AF9-B0C9-C4001319F6E3} = {8B7A2AEC-46DD-47CE-937E-767D7692C15F}
		{82F079A8-7EE2-46D1-9896-293FA8AE9425} = {A0D725D5-C2B1-436E-94CE-E56F2DDF24AE}
		{4DDB3B56-D967-4790-B043-82F0E7C2EF1C} = {A0D725D5-C2B1-436E-94CE-E56F2DDF24AE}
		{2C23A589-4152-493D-981B-9C4BAF987C59} = {A0D725D5-C2B1-436E-94CE-E56F2DDF24AE}
		{78166748-08AF-4453-9871-7C896E1A2323} = {A0D725D5-C2B1-436E-94CE-E56F2DDF24AE}
		{3C008E3A-52B3-4604-B1C9-2167339C572A} = {A0D725D5-C2B1-436E-94CE-E56F2DDF24AE}
		{2C1E0C56-BE38-483F-AEF5-54A8808AEB2B} = {A0D725D5-C2B1-436E-94CE-E56F2DDF24AE}
		{BA8238A7-2ADF-4A0B-AEA0-0AE3897864D0} = {DA539701-563C-4DCF-883B-941DE792BC4A}
		{F9320F56-D401-4E88-BB13-EDDE09BAAA3E} = {DA539701-563C-4DCF-883B-941DE792BC4A}
		{3BD454F3-9A45-40B6-8521-8F4594DDA5F1} = {DA539701-563C-4DCF-883B-941DE792BC4A}
		{EFA0E1EC-2AF5-4D2B-97A7-A72C6F036F44} = {DA539701-563C-4DCF-883B-941DE792BC4A}
		{08C025C5-87EA-40B3-8323-5431285D3A73} = {DA539701-563C-4DCF-883B-941DE792BC4A}
		{4AD35EF9-CD0A-48B3-AE02-6CFD19762220} = {8DB3F988-5C33-4D8A-BF19-040D5CDCD99C}
		{6B1263BF-7E15-403F-A781-9EBE6E58E64E} = {4AD35EF9-CD0A-48B3-AE02-6CFD19762220}
		{F40230F9-AF94-4B74-B8B8-3ABADB840B42} = {4AD35EF9-CD0A-48B3-AE02-6CFD19762220}
		{52188816-CBDE-4BE4-AA97-4074FEEDBBDD} = {4AD35EF9-CD0A-48B3-AE02-6CFD19762220}
		{905615C6-5300-4931-8463-137FB44B7A5B} = {A0D725D5-C2B1-436E-94CE-E56F2DDF24AE}
		{B249AF0A-12E6-4099-85F8-928147DE5A68} = {241094B3-C6C5-43FA-B884-DDDEEFF788C8}
		{D144FED6-8136-46B2-A6F2-9B8002499035} = {A0D725D5-C2B1-436E-94CE-E56F2DDF24AE}
		{599E6775-D11A-4007-8F9B-4D2344AFCF90} = {8B7A2AEC-46DD-47CE-937E-767D7692C15F}
		{0F7B1A52-7766-4B37-9ACD-AC76ABDB1CA5} = {8B7A2AEC-46DD-47CE-937E-767D7692C15F}
		{C2C2A003-EAD4-46BF-A83D-B3D702A1349D} = {A0D725D5-C2B1-436E-94CE-E56F2DDF24AE}
		{9795149C-E87F-4938-AD85-9D1384ABE4D2} = {8B7A2AEC-46DD-47CE-937E-767D7692C15F}
		{3AB101DE-4D4A-4AEE-BB1F-BF81BC08DEA6} = {241094B3-C6C5-43FA-B884-DDDEEFF788C8}
		{98E135B0-D673-4C58-AFE0-867FD31B1556} = {9E8A03EA-0D98-4A94-B6C2-820353A0442B}
		{9E8A03EA-0D98-4A94-B6C2-820353A0442B} = {23397F14-D511-47BB-A9F7-034E9F562595}
		{37D962B3-2E75-4DC6-BBE6-212F630705FC} = {23397F14-D511-47BB-A9F7-034E9F562595}
		{1BE27265-F358-42F3-B550-ADCAF0CB9FCC} = {DA539701-563C-4DCF-883B-941DE792BC4A}
		{A9D881A3-3E9A-46C4-B743-85C71BAE7BC9} = {DA539701-563C-4DCF-883B-941DE792BC4A}
		{DA539701-563C-4DCF-883B-941DE792BC4A} = {8DB3F988-5C33-4D8A-BF19-040D5CDCD99C}
		{B12702AD-ABFB-343A-A199-8E24837244A3} = {A0D725D5-C2B1-436E-94CE-E56F2DDF24AE}
		{D35377E7-184A-4446-8034-3F8469B26CC1} = {37D962B3-2E75-4DC6-BBE6-212F630705FC}
		{D179C92E-FE5E-4B2A-9385-19D5FD93D997} = {37D962B3-2E75-4DC6-BBE6-212F630705FC}
		{9C15CD3F-1188-42C2-9FA0-581E5BD81A83} = {37D962B3-2E75-4DC6-BBE6-212F630705FC}
		{BA1D17D9-BDB8-4B10-B6CD-7D12FB12D32F} = {8B7A2AEC-46DD-47CE-937E-767D7692C15F}
		{2734C7B5-978A-492C-86A9-4E326443220D} = {A0D725D5-C2B1-436E-94CE-E56F2DDF24AE}
		{BD959048-BBCC-48A9-BF40-58A6E51A84CC} = {4AD35EF9-CD0A-48B3-AE02-6CFD19762220}
		{150781F9-5A9F-4A7F-B835-C4012BA35D8F} = {241094B3-C6C5-43FA-B884-DDDEEFF788C8}
		{EF27CF35-65F6-4F1D-9025-3DBECB566084} = {155747A4-B4C9-4F85-8787-0F35A940B12E}
		{CF7EF1FB-265A-4B10-8D3C-133A5E30CACF} = {A0D725D5-C2B1-436E-94CE-E56F2DDF24AE}
		{CD80DD88-6ED5-4FB3-9811-4B0383CEA0EA} = {DA539701-563C-4DCF-883B-941DE792BC4A}
		{EB21EED3-2835-4018-8BEE-B5172E3F0041} = {FF9F78BB-144A-48EF-87D3-7EEE6C6B4682}
		{AA695107-B3DF-4383-BB70-483C28E3D81A} = {A0D725D5-C2B1-436E-94CE-E56F2DDF24AE}
		{E5C9C319-448E-4855-823F-182AEDEEC9A7} = {A0D725D5-C2B1-436E-94CE-E56F2DDF24AE}
		{3EA0C9E6-C9D2-4A6D-9290-753BBEE10DDC} = {DA539701-563C-4DCF-883B-941DE792BC4A}
		{9E366C58-A455-41E9-9C38-B6886D223087} = {DA539701-563C-4DCF-883B-941DE792BC4A}
		{A0BF6E68-6F8E-42EB-AE81-CCD6E889373E} = {DA539701-563C-4DCF-883B-941DE792BC4A}
		{A2BF6D06-36E6-4593-B18F-06517BC03EF9} = {DA539701-563C-4DCF-883B-941DE792BC4A}
		{F4E7B2E1-005B-4971-A3D5-EF10520C0AEF} = {DA539701-563C-4DCF-883B-941DE792BC4A}
		{4882842D-566D-456A-A267-A5F9C8FDB16D} = {A0D725D5-C2B1-436E-94CE-E56F2DDF24AE}
		{F1493DF2-5A3C-43A2-A2C2-B6F923128877} = {DA539701-563C-4DCF-883B-941DE792BC4A}
		{DF851AF8-F359-437D-A875-C31F6158F513} = {DA539701-563C-4DCF-883B-941DE792BC4A}
		{0736DDB9-C29B-4DEA-8E9A-6FEFFED8CFB6} = {241094B3-C6C5-43FA-B884-DDDEEFF788C8}
		{1C6761A3-DD4E-4978-A4C6-24D3A50C502D} = {DA539701-563C-4DCF-883B-941DE792BC4A}
		{80FB8E0A-CCA8-4AB7-BC79-21E82A141842} = {DA539701-563C-4DCF-883B-941DE792BC4A}
		{C91712C5-4A46-4703-9857-4E742D247601} = {FF9F78BB-144A-48EF-87D3-7EEE6C6B4682}
		{9E33ACE6-5DDA-400C-8242-6BE0B8569221} = {FF9F78BB-144A-48EF-87D3-7EEE6C6B4682}
		{0F7B1A52-7766-4E37-9ACD-AC76AB000000} = {8B7A2AEC-46DD-47CE-937E-767D7692C15F}
		{9F945E6D-B524-490A-81E3-F4F0A48139AF} = {A0D725D5-C2B1-436E-94CE-E56F2DDF24AE}
	EndGlobalSection
	GlobalSection(ExtensibilityGlobals) = postSolution
		Qt5Version = msvc2019_64
		SolutionGuid = {CAC327DA-BA65-4990-BEC0-618347D67688}
	EndGlobalSection
EndGlobal
