Microsoft Visual Studio Solution File, Format Version 12.00
# Visual Studio 14
VisualStudioVersion = 14.0.25420.1
MinimumVisualStudioVersion = 10.0.40219.1
Project("{8BC9CEB8-8B4A-11D0-8D11-00A0C91BC942}") = "ModelsAPI", "ModelsAPI\ModelsAPI.vcxproj", "{7D1C3B10-607B-4D67-9A0F-C79C91FDC379}"
EndProject
Global
	GlobalSection(SolutionConfigurationPlatforms) = preSolution
		Debug|Win32 = Debug|Win32
		Release|Win32 = Release|Win32
		Debug|x64 = Debug|x64
		Release|x64 = Release|x64
	EndGlobalSection
	GlobalSection(ProjectConfigurationPlatforms) = postSolution
		{F40230F9-AF94-4B74-B8B8-3ABADB840B42}.Debug|Win32.ActiveCfg = Debug|Win32
		{F40230F9-AF94-4B74-B8B8-3ABADB840B42}.Debug|Win32.Build.0 = Debug|Win32
		{F40230F9-AF94-4B74-B8B8-3ABADB840B42}.Release|Win32.ActiveCfg = Release|Win32
		{F40230F9-AF94-4B74-B8B8-3ABADB840B42}.Release|Win32.Build.0 = Release|Win32
		{F40230F9-AF94-4B74-B8B8-3ABADB840B42}.Debug|x64.ActiveCfg = Debug|x64
		{F40230F9-AF94-4B74-B8B8-3ABADB840B42}.Debug|x64.Build.0 = Debug|x64
		{F40230F9-AF94-4B74-B8B8-3ABADB840B42}.Release|x64.ActiveCfg = Release|x64
		{F40230F9-AF94-4B74-B8B8-3ABADB840B42}.Release|x64.Build.0 = Release|x64
		{7D1C3B10-607B-4D67-9A0F-C79C91FDC379}.Debug|Win32.ActiveCfg = Debug|Win32
		{7D1C3B10-607B-4D67-9A0F-C79C91FDC379}.Debug|Win32.Build.0 = Debug|Win32
		{7D1C3B10-607B-4D67-9A0F-C79C91FDC379}.Release|Win32.ActiveCfg = Release|Win32
		{7D1C3B10-607B-4D67-9A0F-C79C91FDC379}.Release|Win32.Build.0 = Release|Win32
		{7D1C3B10-607B-4D67-9A0F-C79C91FDC379}.Debug|x64.ActiveCfg = Debug|x64
		{7D1C3B10-607B-4D67-9A0F-C79C91FDC379}.Debug|x64.Build.0 = Debug|x64
		{7D1C3B10-607B-4D67-9A0F-C79C91FDC379}.Release|x64.ActiveCfg = Release|x64
		{7D1C3B10-607B-4D67-9A0F-C79C91FDC379}.Release|x64.Build.0 = Release|x64
	EndGlobalSection
	GlobalSection(SolutionProperties) = preSolution
		HideSolutionNode = FALSE
	EndGlobalSection
	GlobalSection(ExtensibilityGlobals) = postSolution
		SolutionGuid = {5BC612E6-81A6-4562-BB99-5D06DD9C63E7}
	EndGlobalSection
EndGlobal
