Microsoft Visual Studio Solution File, Format Version 12.00
# Visual Studio Version 17
VisualStudioVersion = 17.10.35013.160
MinimumVisualStudioVersion = 10.0.40219.1
Project("{8BC9CEB8-8B4A-11D0-8D11-00A0C91BC942}") = "ModelsAPI", "ModelsAPI\ModelsAPI.vcxproj", "{150781F9-5A9F-4A7F-B835-C4012BA35D8F}"
EndProject
Project("{8BC9CEB8-8B4A-11D0-8D11-00A0C91BC942}") = "BaseSolvers", "BaseSolvers\BaseSolvers.vcxproj", "{3AB101DE-4D4A-4AEE-BB1F-BF81BC08DEA6}"
EndProject
Project("{8BC9CEB8-8B4A-11D0-8D11-00A0C91BC942}") = "CacheHandler", "CacheHandler\CacheHandler.vcxproj", "{55AD8231-176F-4282-88FA-A0A0E71A51C6}"
EndProject
Project("{8BC9CEB8-8B4A-11D0-8D11-00A0C91BC942}") = "EquationSolvers", "EquationSolvers\EquationSolvers.vcxproj", "{C3AB785E-DDF8-4496-B41A-B037D166E71A}"
EndProject
Project("{8BC9CEB8-8B4A-11D0-8D11-00A0C91BC942}") = "HDF5Handler", "HDF5Handler\HDF5Handler.vcxproj", "{CF8BB0DF-6AA7-42CE-BBB4-5D96D1385428}"
EndProject
Project("{8BC9CEB8-8B4A-11D0-8D11-00A0C91BC942}") = "MaterialsDatabase", "MaterialsDatabase\MaterialsDatabase.vcxproj", "{D45627D3-CE01-479C-9B54-7B8CFD88848B}"
EndProject
Project("{8BC9CEB8-8B4A-11D0-8D11-00A0C91BC942}") = "Utilities", "Utilities\Utilities.vcxproj", "{B249AF0A-12E6-4099-85F8-928147DE5A68}"
EndProject
Project("{2150E333-8FDC-42A3-9474-1A3956D46DE8}") = "API", "API", "{58884680-7481-4F07-BC91-CCC7A7F65A8A}"
EndProject
Global
	GlobalSection(SolutionConfigurationPlatforms) = preSolution
		Debug|x64 = Debug|x64
		Release|x64 = Release|x64
	EndGlobalSection
	GlobalSection(ProjectConfigurationPlatforms) = postSolution
		{150781F9-5A9F-4A7F-B835-C4012BA35D8F}.Debug|x64.ActiveCfg = Debug|x64
		{150781F9-5A9F-4A7F-B835-C4012BA35D8F}.Debug|x64.Build.0 = Debug|x64
		{150781F9-5A9F-4A7F-B835-C4012BA35D8F}.Release|x64.ActiveCfg = Release|x64
		{150781F9-5A9F-4A7F-B835-C4012BA35D8F}.Release|x64.Build.0 = Release|x64
		{3AB101DE-4D4A-4AEE-BB1F-BF81BC08DEA6}.Debug|x64.ActiveCfg = Debug|x64
		{3AB101DE-4D4A-4AEE-BB1F-BF81BC08DEA6}.Debug|x64.Build.0 = Debug|x64
		{3AB101DE-4D4A-4AEE-BB1F-BF81BC08DEA6}.Release|x64.ActiveCfg = Release|x64
		{3AB101DE-4D4A-4AEE-BB1F-BF81BC08DEA6}.Release|x64.Build.0 = Release|x64
		{55AD8231-176F-4282-88FA-A0A0E71A51C6}.Debug|x64.ActiveCfg = Debug|x64
		{55AD8231-176F-4282-88FA-A0A0E71A51C6}.Debug|x64.Build.0 = Debug|x64
		{55AD8231-176F-4282-88FA-A0A0E71A51C6}.Release|x64.ActiveCfg = Release|x64
		{55AD8231-176F-4282-88FA-A0A0E71A51C6}.Release|x64.Build.0 = Release|x64
		{C3AB785E-DDF8-4496-B41A-B037D166E71A}.Debug|x64.ActiveCfg = Debug|x64
		{C3AB785E-DDF8-4496-B41A-B037D166E71A}.Debug|x64.Build.0 = Debug|x64
		{C3AB785E-DDF8-4496-B41A-B037D166E71A}.Release|x64.ActiveCfg = Release|x64
		{C3AB785E-DDF8-4496-B41A-B037D166E71A}.Release|x64.Build.0 = Release|x64
		{CF8BB0DF-6AA7-42CE-BBB4-5D96D1385428}.Debug|x64.ActiveCfg = Debug|x64
		{CF8BB0DF-6AA7-42CE-BBB4-5D96D1385428}.Debug|x64.Build.0 = Debug|x64
		{CF8BB0DF-6AA7-42CE-BBB4-5D96D1385428}.Release|x64.ActiveCfg = Release|x64
		{CF8BB0DF-6AA7-42CE-BBB4-5D96D1385428}.Release|x64.Build.0 = Release|x64
		{D45627D3-CE01-479C-9B54-7B8CFD88848B}.Debug|x64.ActiveCfg = Debug|x64
		{D45627D3-CE01-479C-9B54-7B8CFD88848B}.Debug|x64.Build.0 = Debug|x64
		{D45627D3-CE01-479C-9B54-7B8CFD88848B}.Release|x64.ActiveCfg = Release|x64
		{D45627D3-CE01-479C-9B54-7B8CFD88848B}.Release|x64.Build.0 = Release|x64
		{B249AF0A-12E6-4099-85F8-928147DE5A68}.Debug|x64.ActiveCfg = Debug|x64
		{B249AF0A-12E6-4099-85F8-928147DE5A68}.Debug|x64.Build.0 = Debug|x64
		{B249AF0A-12E6-4099-85F8-928147DE5A68}.Release|x64.ActiveCfg = Release|x64
		{B249AF0A-12E6-4099-85F8-928147DE5A68}.Release|x64.Build.0 = Release|x64
	EndGlobalSection
	GlobalSection(SolutionProperties) = preSolution
		HideSolutionNode = FALSE
	EndGlobalSection
	GlobalSection(NestedProjects) = preSolution
		{150781F9-5A9F-4A7F-B835-C4012BA35D8F} = {58884680-7481-4F07-BC91-CCC7A7F65A8A}
		{3AB101DE-4D4A-4AEE-BB1F-BF81BC08DEA6} = {58884680-7481-4F07-BC91-CCC7A7F65A8A}
		{55AD8231-176F-4282-88FA-A0A0E71A51C6} = {58884680-7481-4F07-BC91-CCC7A7F65A8A}
		{C3AB785E-DDF8-4496-B41A-B037D166E71A} = {58884680-7481-4F07-BC91-CCC7A7F65A8A}
		{CF8BB0DF-6AA7-42CE-BBB4-5D96D1385428} = {58884680-7481-4F07-BC91-CCC7A7F65A8A}
		{D45627D3-CE01-479C-9B54-7B8CFD88848B} = {58884680-7481-4F07-BC91-CCC7A7F65A8A}
		{B249AF0A-12E6-4099-85F8-928147DE5A68} = {58884680-7481-4F07-BC91-CCC7A7F65A8A}
	EndGlobalSection
EndGlobal
