<?xml version="1.0" encoding="utf-8"?>
<Project ToolsVersion="4.0" xmlns="http://schemas.microsoft.com/developer/msbuild/2003">
  <ItemGroup>
    <Filter Include="Source Files">
      <UniqueIdentifier>{4FC737F1-C7A5-4376-A066-2A32D752A2FF}</UniqueIdentifier>
      <Extensions>cpp;c;cc;cxx;def;odl;idl;hpj;bat;asm;asmx</Extensions>
    </Filter>
    <Filter Include="Header Files">
      <UniqueIdentifier>{93995380-89BD-4b04-88EB-625FBE52EBFB}</UniqueIdentifier>
      <Extensions>h;hh;hpp;hxx;hm;inl;inc;ipp;xsd</Extensions>
    </Filter>
    <Filter Include="Resource Files">
      <UniqueIdentifier>{67DA6AB6-F800-4c08-8B7A-83BB121AAD01}</UniqueIdentifier>
      <Extensions>rc;ico;cur;bmp;dlg;rc2;rct;bin;rgs;gif;jpg;jpeg;jpe;resx;tiff;tif;png;wav;mfcribbon-ms</Extensions>
    </Filter>
  </ItemGroup>
  <ItemGroup>
    <ClCompile Include="DenseMDMatrix.cpp">
      <Filter>Source Files</Filter>
    </ClCompile>
    <ClCompile Include="DependentValues.cpp">
      <Filter>Source Files</Filter>
    </ClCompile>
    <ClCompile Include="MDMatrix.cpp">
      <Filter>Source Files</Filter>
    </ClCompile>
    <ClCompile Include="TDArray.cpp">
      <Filter>Source Files</Filter>
    </ClCompile>
    <ClCompile Include="TransformMatrix.cpp">
      <Filter>Source Files</Filter>
    </ClCompile>
    <ClCompile Include="Matrix2D.cpp">
      <Filter>Source Files</Filter>
    </ClCompile>
    <ClCompile Include="UnitParameters.cpp">
      <Filter>Source Files</Filter>
    </ClCompile>
    <ClCompile Include="TimeDependentValue.cpp">
      <Filter>Source Files</Filter>
    </ClCompile>
    <ClCompile Include="Phase.cpp">
      <Filter>Source Files</Filter>
    </ClCompile>
    <ClCompile Include="BaseStream.cpp">
      <Filter>Source Files</Filter>
    </ClCompile>
    <ClCompile Include="Holdup.cpp">
      <Filter>Source Files</Filter>
    </ClCompile>
    <ClCompile Include="Stream.cpp">
      <Filter>Source Files</Filter>
    </ClCompile>
    <ClCompile Include="StateVariable.cpp">
      <Filter>Source Files</Filter>
    </ClCompile>
    <ClCompile Include="StreamManager.cpp">
      <Filter>Source Files</Filter>
    </ClCompile>
    <ClCompile Include="PlotManager.cpp">
      <Filter>Source Files</Filter>
    </ClCompile>
    <ClCompile Include="UnitPorts.cpp">
      <Filter>Source Files</Filter>
    </ClCompile>
    <ClCompile Include="BaseUnit.cpp">
      <Filter>Source Files</Filter>
    </ClCompile>
    <ClCompile Include="MixtureLookup.cpp">
      <Filter>Source Files</Filter>
    </ClCompile>
    <ClCompile Include="MixtureEnthalpyLookup.cpp">
      <Filter>Source Files</Filter>
    </ClCompile>
    <ClCompile Include="TwoWayMap.cpp">
      <Filter>Source Files</Filter>
    </ClCompile>
    <ClCompile Include="ChemicalReaction.cpp">
      <Filter>Source Files</Filter>
    </ClCompile>
    <ClCompile Include="MultidimensionalGrid.cpp">
      <Filter>Source Files</Filter>
    </ClCompile>
  </ItemGroup>
  <ItemGroup>
    <ClInclude Include="DenseMDMatrix.h">
      <Filter>Header Files</Filter>
    </ClInclude>
    <ClInclude Include="DependentValues.h">
      <Filter>Header Files</Filter>
    </ClInclude>
    <ClInclude Include="DistributionsFunctions.h">
      <Filter>Header Files</Filter>
    </ClInclude>
    <ClInclude Include="DynamicUnit.h">
      <Filter>Header Files</Filter>
    </ClInclude>
    <ClInclude Include="MDMatrix.h">
      <Filter>Header Files</Filter>
    </ClInclude>
    <ClInclude Include="SteadyStateUnit.h">
      <Filter>Header Files</Filter>
    </ClInclude>
    <ClInclude Include="TDArray.h">
      <Filter>Header Files</Filter>
    </ClInclude>
    <ClInclude Include="TransformMatrix.h">
      <Filter>Header Files</Filter>
    </ClInclude>
    <ClInclude Include="UnitDevelopmentDefines.h">
      <Filter>Header Files</Filter>
    </ClInclude>
    <ClInclude Include="Matrix2D.h">
      <Filter>Header Files</Filter>
    </ClInclude>
    <ClInclude Include="UnitParameters.h">
      <Filter>Header Files</Filter>
    </ClInclude>
    <ClInclude Include="TimeDependentValue.h">
      <Filter>Header Files</Filter>
    </ClInclude>
    <ClInclude Include="Phase.h">
      <Filter>Header Files</Filter>
    </ClInclude>
    <ClInclude Include="MaterialStream.h">
      <Filter>Header Files</Filter>
    </ClInclude>
    <ClInclude Include="BaseStream.h">
      <Filter>Header Files</Filter>
    </ClInclude>
    <ClInclude Include="Holdup.h">
      <Filter>Header Files</Filter>
    </ClInclude>
    <ClInclude Include="Stream.h">
      <Filter>Header Files</Filter>
    </ClInclude>
    <ClInclude Include="StateVariable.h">
      <Filter>Header Files</Filter>
    </ClInclude>
    <ClInclude Include="StreamManager.h">
      <Filter>Header Files</Filter>
    </ClInclude>
    <ClInclude Include="PlotManager.h">
      <Filter>Header Files</Filter>
    </ClInclude>
    <ClInclude Include="UnitPorts.h">
      <Filter>Header Files</Filter>
    </ClInclude>
    <ClInclude Include="BaseUnit.h">
      <Filter>Header Files</Filter>
    </ClInclude>
    <ClInclude Include="MixtureLookup.h">
      <Filter>Header Files</Filter>
    </ClInclude>
    <ClInclude Include="TwoWayMap.h">
      <Filter>Header Files</Filter>
    </ClInclude>
    <ClInclude Include="MixtureEnthalpyLookup.h">
      <Filter>Header Files</Filter>
    </ClInclude>
    <ClInclude Include="ChemicalReaction.h">
      <Filter>Header Files</Filter>
    </ClInclude>
    <ClInclude Include="MultidimensionalGrid.h">
      <Filter>Header Files</Filter>
    </ClInclude>
  </ItemGroup>
</Project>